
Microsoft Visual Studio Solution File, Format Version 12.00
# Visual Studio 14
VisualStudioVersion = 14.0.25420.1
MinimumVisualStudioVersion = 10.0.40219.1
Project("{FAE04EC0-301F-11D3-BF4B-00C04F79EFBC}") = "IhalematikProUI", "IhalematikPro\IhalematikProUI.csproj", "{67C48430-1819-4E38-A0DF-63D93083A209}"
EndProject
Project("{FAE04EC0-301F-11D3-BF4B-00C04F79EFBC}") = "IhalematikProBL", "IhalematikProBL\IhalematikProBL.csproj", "{0E0BEF73-F7D6-4D3D-A02D-3B4BA085CA6A}"
EndProject
Project("{FAE04EC0-301F-11D3-BF4B-00C04F79EFBC}") = "IhalematikLicance", "IhalematikLicance\IhalematikLicance.csproj", "{DDE316EB-06BB-4AD6-8A73-3A1E40DAED30}"
EndProject
Project("{FAE04EC0-301F-11D3-BF4B-00C04F79EFBC}") = "IhalematikLicenceAdmin", "IhalematikLicenceAdmin\IhalematikLicenceAdmin.csproj", "{4D0C2393-310F-4F5A-A6D5-F5556B93D4F6}"
EndProject
Global
	GlobalSection(SolutionConfigurationPlatforms) = preSolution
		CD_ROM|Any CPU = CD_ROM|Any CPU
		Debug|Any CPU = Debug|Any CPU
		DVD-5|Any CPU = DVD-5|Any CPU
		Release|Any CPU = Release|Any CPU
		SingleImage|Any CPU = SingleImage|Any CPU
	EndGlobalSection
	GlobalSection(ProjectConfigurationPlatforms) = postSolution
		{67C48430-1819-4E38-A0DF-63D93083A209}.CD_ROM|Any CPU.ActiveCfg = Release|Any CPU
		{67C48430-1819-4E38-A0DF-63D93083A209}.CD_ROM|Any CPU.Build.0 = Release|Any CPU
		{67C48430-1819-4E38-A0DF-63D93083A209}.Debug|Any CPU.ActiveCfg = Debug|Any CPU
		{67C48430-1819-4E38-A0DF-63D93083A209}.Debug|Any CPU.Build.0 = Debug|Any CPU
		{67C48430-1819-4E38-A0DF-63D93083A209}.DVD-5|Any CPU.ActiveCfg = Debug|Any CPU
		{67C48430-1819-4E38-A0DF-63D93083A209}.DVD-5|Any CPU.Build.0 = Debug|Any CPU
		{67C48430-1819-4E38-A0DF-63D93083A209}.Release|Any CPU.ActiveCfg = Release|Any CPU
		{67C48430-1819-4E38-A0DF-63D93083A209}.Release|Any CPU.Build.0 = Release|Any CPU
		{67C48430-1819-4E38-A0DF-63D93083A209}.SingleImage|Any CPU.ActiveCfg = Release|Any CPU
		{67C48430-1819-4E38-A0DF-63D93083A209}.SingleImage|Any CPU.Build.0 = Release|Any CPU
		{0E0BEF73-F7D6-4D3D-A02D-3B4BA085CA6A}.CD_ROM|Any CPU.ActiveCfg = Release|Any CPU
		{0E0BEF73-F7D6-4D3D-A02D-3B4BA085CA6A}.CD_ROM|Any CPU.Build.0 = Release|Any CPU
		{0E0BEF73-F7D6-4D3D-A02D-3B4BA085CA6A}.Debug|Any CPU.ActiveCfg = Debug|Any CPU
		{0E0BEF73-F7D6-4D3D-A02D-3B4BA085CA6A}.Debug|Any CPU.Build.0 = Debug|Any CPU
		{0E0BEF73-F7D6-4D3D-A02D-3B4BA085CA6A}.Debug|Any CPU.Deploy.0 = Debug|Any CPU
		{0E0BEF73-F7D6-4D3D-A02D-3B4BA085CA6A}.DVD-5|Any CPU.ActiveCfg = Debug|Any CPU
		{0E0BEF73-F7D6-4D3D-A02D-3B4BA085CA6A}.DVD-5|Any CPU.Build.0 = Debug|Any CPU
		{0E0BEF73-F7D6-4D3D-A02D-3B4BA085CA6A}.Release|Any CPU.ActiveCfg = Release|Any CPU
		{0E0BEF73-F7D6-4D3D-A02D-3B4BA085CA6A}.Release|Any CPU.Build.0 = Release|Any CPU
		{0E0BEF73-F7D6-4D3D-A02D-3B4BA085CA6A}.SingleImage|Any CPU.ActiveCfg = Release|Any CPU
		{0E0BEF73-F7D6-4D3D-A02D-3B4BA085CA6A}.SingleImage|Any CPU.Build.0 = Release|Any CPU
		{DDE316EB-06BB-4AD6-8A73-3A1E40DAED30}.CD_ROM|Any CPU.ActiveCfg = Release|Any CPU
		{DDE316EB-06BB-4AD6-8A73-3A1E40DAED30}.CD_ROM|Any CPU.Build.0 = Release|Any CPU
		{DDE316EB-06BB-4AD6-8A73-3A1E40DAED30}.Debug|Any CPU.ActiveCfg = Debug|Any CPU
		{DDE316EB-06BB-4AD6-8A73-3A1E40DAED30}.Debug|Any CPU.Build.0 = Debug|Any CPU
		{DDE316EB-06BB-4AD6-8A73-3A1E40DAED30}.Debug|Any CPU.Deploy.0 = Debug|Any CPU
		{DDE316EB-06BB-4AD6-8A73-3A1E40DAED30}.DVD-5|Any CPU.ActiveCfg = Debug|Any CPU
		{DDE316EB-06BB-4AD6-8A73-3A1E40DAED30}.DVD-5|Any CPU.Build.0 = Debug|Any CPU
		{DDE316EB-06BB-4AD6-8A73-3A1E40DAED30}.Release|Any CPU.ActiveCfg = Release|Any CPU
		{DDE316EB-06BB-4AD6-8A73-3A1E40DAED30}.Release|Any CPU.Build.0 = Release|Any CPU
		{DDE316EB-06BB-4AD6-8A73-3A1E40DAED30}.SingleImage|Any CPU.ActiveCfg = Release|Any CPU
		{DDE316EB-06BB-4AD6-8A73-3A1E40DAED30}.SingleImage|Any CPU.Build.0 = Release|Any CPU
		{4D0C2393-310F-4F5A-A6D5-F5556B93D4F6}.CD_ROM|Any CPU.ActiveCfg = Release|Any CPU
		{4D0C2393-310F-4F5A-A6D5-F5556B93D4F6}.CD_ROM|Any CPU.Build.0 = Release|Any CPU
		{4D0C2393-310F-4F5A-A6D5-F5556B93D4F6}.Debug|Any CPU.ActiveCfg = Debug|Any CPU
		{4D0C2393-310F-4F5A-A6D5-F5556B93D4F6}.Debug|Any CPU.Build.0 = Debug|Any CPU
		{4D0C2393-310F-4F5A-A6D5-F5556B93D4F6}.DVD-5|Any CPU.ActiveCfg = Debug|Any CPU
		{4D0C2393-310F-4F5A-A6D5-F5556B93D4F6}.DVD-5|Any CPU.Build.0 = Debug|Any CPU
		{4D0C2393-310F-4F5A-A6D5-F5556B93D4F6}.Release|Any CPU.ActiveCfg = Release|Any CPU
		{4D0C2393-310F-4F5A-A6D5-F5556B93D4F6}.Release|Any CPU.Build.0 = Release|Any CPU
		{4D0C2393-310F-4F5A-A6D5-F5556B93D4F6}.SingleImage|Any CPU.ActiveCfg = Release|Any CPU
		{4D0C2393-310F-4F5A-A6D5-F5556B93D4F6}.SingleImage|Any CPU.Build.0 = Release|Any CPU
	EndGlobalSection
	GlobalSection(SolutionProperties) = preSolution
		HideSolutionNode = FALSE
	EndGlobalSection
EndGlobal
